{
  "originHash" : "5f8a71882c55b3a2fcf7b83061d7f4ec173e553feab1e95aeaa69436336453b1",
  "pins" : [
    {
      "identity" : "synergia-swift",
      "kind" : "remoteSourceControl",
      "location" : "https://github.com/VulkaProject/Synergia-Swift",
      "state" : {
        "branch" : "main",
        "revision" : "649e148dfd5c8c2622c002626114c9bd433e0a58"
      }
    }
  ],
  "version" : 3
}
