{
  "originHash" : "5f8a71882c55b3a2fcf7b83061d7f4ec173e553feab1e95aeaa69436336453b1",
  "pins" : [
    {
      "identity" : "synergia-swift",
      "kind" : "remoteSourceControl",
      "location" : "https://github.com/VulkaProject/Synergia-Swift",
      "state" : {
        "branch" : "main",
        "revision" : "bb0f3846153ce60ca4c0f23f04327e233ea2a4a9"
      }
    }
  ],
  "version" : 3
}
